
Microsoft Visual Studio Solution File, Format Version 12.00
# Visual Studio Version 17
VisualStudioVersion = 17.0.31903.59
MinimumVisualStudioVersion = 10.0.40219.1
Project("{2150E333-8FDC-42A3-9474-1A3956D46DE8}") = "src", "src", "{827E0CD3-B72D-47B6-A68D-7590B98EB39B}"
EndProject
Project("{FAE04EC0-301F-11D3-BF4B-00C04F79EFBC}") = "JulschaVehicleTool.Core", "src\JulschaVehicleTool.Core\JulschaVehicleTool.Core.csproj", "{4AA9B0F1-B02E-49C6-BA97-3D180385465F}"
EndProject
Project("{FAE04EC0-301F-11D3-BF4B-00C04F79EFBC}") = "JulschaVehicleTool.App", "src\JulschaVehicleTool.App\JulschaVehicleTool.App.csproj", "{5668EF4D-8E28-4925-802F-B294CAD0B26F}"
EndProject
Project("{FAE04EC0-301F-11D3-BF4B-00C04F79EFBC}") = "JulschaVehicleTool.Tests", "src\JulschaVehicleTool.Tests\JulschaVehicleTool.Tests.csproj", "{8244FC16-C7DC-45F0-ADDC-3A48CCDCD180}"
EndProject
Global
	GlobalSection(SolutionConfigurationPlatforms) = preSolution
		Debug|Any CPU = Debug|Any CPU
		Debug|x64 = Debug|x64
		Debug|x86 = Debug|x86
		Release|Any CPU = Release|Any CPU
		Release|x64 = Release|x64
		Release|x86 = Release|x86
	EndGlobalSection
	GlobalSection(ProjectConfigurationPlatforms) = postSolution
		{4AA9B0F1-B02E-49C6-BA97-3D180385465F}.Debug|Any CPU.ActiveCfg = Debug|Any CPU
		{4AA9B0F1-B02E-49C6-BA97-3D180385465F}.Debug|Any CPU.Build.0 = Debug|Any CPU
		{4AA9B0F1-B02E-49C6-BA97-3D180385465F}.Debug|x64.ActiveCfg = Debug|Any CPU
		{4AA9B0F1-B02E-49C6-BA97-3D180385465F}.Debug|x64.Build.0 = Debug|Any CPU
		{4AA9B0F1-B02E-49C6-BA97-3D180385465F}.Debug|x86.ActiveCfg = Debug|Any CPU
		{4AA9B0F1-B02E-49C6-BA97-3D180385465F}.Debug|x86.Build.0 = Debug|Any CPU
		{4AA9B0F1-B02E-49C6-BA97-3D180385465F}.Release|Any CPU.ActiveCfg = Release|Any CPU
		{4AA9B0F1-B02E-49C6-BA97-3D180385465F}.Release|Any CPU.Build.0 = Release|Any CPU
		{4AA9B0F1-B02E-49C6-BA97-3D180385465F}.Release|x64.ActiveCfg = Release|Any CPU
		{4AA9B0F1-B02E-49C6-BA97-3D180385465F}.Release|x64.Build.0 = Release|Any CPU
		{4AA9B0F1-B02E-49C6-BA97-3D180385465F}.Release|x86.ActiveCfg = Release|Any CPU
		{4AA9B0F1-B02E-49C6-BA97-3D180385465F}.Release|x86.Build.0 = Release|Any CPU
		{5668EF4D-8E28-4925-802F-B294CAD0B26F}.Debug|Any CPU.ActiveCfg = Debug|Any CPU
		{5668EF4D-8E28-4925-802F-B294CAD0B26F}.Debug|Any CPU.Build.0 = Debug|Any CPU
		{5668EF4D-8E28-4925-802F-B294CAD0B26F}.Debug|x64.ActiveCfg = Debug|Any CPU
		{5668EF4D-8E28-4925-802F-B294CAD0B26F}.Debug|x64.Build.0 = Debug|Any CPU
		{5668EF4D-8E28-4925-802F-B294CAD0B26F}.Debug|x86.ActiveCfg = Debug|Any CPU
		{5668EF4D-8E28-4925-802F-B294CAD0B26F}.Debug|x86.Build.0 = Debug|Any CPU
		{5668EF4D-8E28-4925-802F-B294CAD0B26F}.Release|Any CPU.ActiveCfg = Release|Any CPU
		{5668EF4D-8E28-4925-802F-B294CAD0B26F}.Release|Any CPU.Build.0 = Release|Any CPU
		{5668EF4D-8E28-4925-802F-B294CAD0B26F}.Release|x64.ActiveCfg = Release|Any CPU
		{5668EF4D-8E28-4925-802F-B294CAD0B26F}.Release|x64.Build.0 = Release|Any CPU
		{5668EF4D-8E28-4925-802F-B294CAD0B26F}.Release|x86.ActiveCfg = Release|Any CPU
		{5668EF4D-8E28-4925-802F-B294CAD0B26F}.Release|x86.Build.0 = Release|Any CPU
		{8244FC16-C7DC-45F0-ADDC-3A48CCDCD180}.Debug|Any CPU.ActiveCfg = Debug|Any CPU
		{8244FC16-C7DC-45F0-ADDC-3A48CCDCD180}.Debug|Any CPU.Build.0 = Debug|Any CPU
		{8244FC16-C7DC-45F0-ADDC-3A48CCDCD180}.Debug|x64.ActiveCfg = Debug|Any CPU
		{8244FC16-C7DC-45F0-ADDC-3A48CCDCD180}.Debug|x64.Build.0 = Debug|Any CPU
		{8244FC16-C7DC-45F0-ADDC-3A48CCDCD180}.Debug|x86.ActiveCfg = Debug|Any CPU
		{8244FC16-C7DC-45F0-ADDC-3A48CCDCD180}.Debug|x86.Build.0 = Debug|Any CPU
		{8244FC16-C7DC-45F0-ADDC-3A48CCDCD180}.Release|Any CPU.ActiveCfg = Release|Any CPU
		{8244FC16-C7DC-45F0-ADDC-3A48CCDCD180}.Release|Any CPU.Build.0 = Release|Any CPU
		{8244FC16-C7DC-45F0-ADDC-3A48CCDCD180}.Release|x64.ActiveCfg = Release|Any CPU
		{8244FC16-C7DC-45F0-ADDC-3A48CCDCD180}.Release|x64.Build.0 = Release|Any CPU
		{8244FC16-C7DC-45F0-ADDC-3A48CCDCD180}.Release|x86.ActiveCfg = Release|Any CPU
		{8244FC16-C7DC-45F0-ADDC-3A48CCDCD180}.Release|x86.Build.0 = Release|Any CPU
	EndGlobalSection
	GlobalSection(SolutionProperties) = preSolution
		HideSolutionNode = FALSE
	EndGlobalSection
	GlobalSection(NestedProjects) = preSolution
		{4AA9B0F1-B02E-49C6-BA97-3D180385465F} = {827E0CD3-B72D-47B6-A68D-7590B98EB39B}
		{5668EF4D-8E28-4925-802F-B294CAD0B26F} = {827E0CD3-B72D-47B6-A68D-7590B98EB39B}
		{8244FC16-C7DC-45F0-ADDC-3A48CCDCD180} = {827E0CD3-B72D-47B6-A68D-7590B98EB39B}
	EndGlobalSection
EndGlobal
